// !$*UTF8*$!
{
	archiveVersion = 1;
	classes = {
	};
	objectVersion = 55;
	objects = {

/* Begin PBXBuildFile section */
		2CA599762838A14A0090B846 /* tic-tac-toe WatchKit App.app in Embed Watch Content */ = {isa = PBXBuildFile; fileRef = 2CA599752838A14A0090B846 /* tic-tac-toe WatchKit App.app */; settings = {ATTRIBUTES = (RemoveHeadersOnCopy, ); }; };
		2CA5997B2838A14B0090B846 /* Assets.xcassets in Resources */ = {isa = PBXBuildFile; fileRef = 2CA5997A2838A14B0090B846 /* Assets.xcassets */; };
		2CA599812838A14C0090B846 /* tic-tac-toe WatchKit Extension.appex in Embed App Extensions */ = {isa = PBXBuildFile; fileRef = 2CA599802838A14C0090B846 /* tic-tac-toe WatchKit Extension.appex */; settings = {ATTRIBUTES = (RemoveHeadersOnCopy, ); }; };
		2CA599862838A14C0090B846 /* ContentView.swift in Sources */ = {isa = PBXBuildFile; fileRef = 2CA599852838A14C0090B846 /* ContentView.swift */; };
		2CA599882838A14C0090B846 /* tic_tac_toeApp.swift in Sources */ = {isa = PBXBuildFile; fileRef = 2CA599872838A14C0090B846 /* tic_tac_toeApp.swift */; };
		2CA5998A2838A14C0090B846 /* ComplicationController.swift in Sources */ = {isa = PBXBuildFile; fileRef = 2CA599892838A14C0090B846 /* ComplicationController.swift */; };
		2CA5998C2838A14D0090B846 /* Assets.xcassets in Resources */ = {isa = PBXBuildFile; fileRef = 2CA5998B2838A14D0090B846 /* Assets.xcassets */; };
		2CA5998F2838A14D0090B846 /* Preview Assets.xcassets in Resources */ = {isa = PBXBuildFile; fileRef = 2CA5998E2838A14D0090B846 /* Preview Assets.xcassets */; };
/* End PBXBuildFile section */

/* Begin PBXContainerItemProxy section */
		2CA599772838A14A0090B846 /* PBXContainerItemProxy */ = {
			isa = PBXContainerItemProxy;
			containerPortal = 2CA5996B2838A1490090B846 /* Project object */;
			proxyType = 1;
			remoteGlobalIDString = 2CA599742838A14A0090B846;
			remoteInfo = "tic-tac-toe WatchKit App";
		};
		2CA599822838A14C0090B846 /* PBXContainerItemProxy */ = {
			isa = PBXContainerItemProxy;
			containerPortal = 2CA5996B2838A1490090B846 /* Project object */;
			proxyType = 1;
			remoteGlobalIDString = 2CA5997F2838A14C0090B846;
			remoteInfo = "tic-tac-toe WatchKit Extension";
		};
/* End PBXContainerItemProxy section */

/* Begin PBXCopyFilesBuildPhase section */
		2CA599962838A14D0090B846 /* Embed App Extensions */ = {
			isa = PBXCopyFilesBuildPhase;
			buildActionMask = 2147483647;
			dstPath = "";
			dstSubfolderSpec = 13;
			files = (
				2CA599812838A14C0090B846 /* tic-tac-toe WatchKit Extension.appex in Embed App Extensions */,
			);
			name = "Embed App Extensions";
			runOnlyForDeploymentPostprocessing = 0;
		};
		2CA5999A2838A14D0090B846 /* Embed Watch Content */ = {
			isa = PBXCopyFilesBuildPhase;
			buildActionMask = 2147483647;
			dstPath = "$(CONTENTS_FOLDER_PATH)/Watch";
			dstSubfolderSpec = 16;
			files = (
				2CA599762838A14A0090B846 /* tic-tac-toe WatchKit App.app in Embed Watch Content */,
			);
			name = "Embed Watch Content";
			runOnlyForDeploymentPostprocessing = 0;
		};
/* End PBXCopyFilesBuildPhase section */

/* Begin PBXFileReference section */
		2CA599712838A1490090B846 /* tic-tac-toe.app */ = {isa = PBXFileReference; explicitFileType = wrapper.application; includeInIndex = 0; path = "tic-tac-toe.app"; sourceTree = BUILT_PRODUCTS_DIR; };
		2CA599752838A14A0090B846 /* tic-tac-toe WatchKit App.app */ = {isa = PBXFileReference; explicitFileType = wrapper.application; includeInIndex = 0; path = "tic-tac-toe WatchKit App.app"; sourceTree = BUILT_PRODUCTS_DIR; };
		2CA5997A2838A14B0090B846 /* Assets.xcassets */ = {isa = PBXFileReference; lastKnownFileType = folder.assetcatalog; path = Assets.xcassets; sourceTree = "<group>"; };
		2CA599802838A14C0090B846 /* tic-tac-toe WatchKit Extension.appex */ = {isa = PBXFileReference; explicitFileType = "wrapper.app-extension"; includeInIndex = 0; path = "tic-tac-toe WatchKit Extension.appex"; sourceTree = BUILT_PRODUCTS_DIR; };
		2CA599852838A14C0090B846 /* ContentView.swift */ = {isa = PBXFileReference; lastKnownFileType = sourcecode.swift; path = ContentView.swift; sourceTree = "<group>"; };
		2CA599872838A14C0090B846 /* tic_tac_toeApp.swift */ = {isa = PBXFileReference; lastKnownFileType = sourcecode.swift; path = tic_tac_toeApp.swift; sourceTree = "<group>"; };
		2CA599892838A14C0090B846 /* ComplicationController.swift */ = {isa = PBXFileReference; lastKnownFileType = sourcecode.swift; path = ComplicationController.swift; sourceTree = "<group>"; };
		2CA5998B2838A14D0090B846 /* Assets.xcassets */ = {isa = PBXFileReference; lastKnownFileType = folder.assetcatalog; path = Assets.xcassets; sourceTree = "<group>"; };
		2CA5998E2838A14D0090B846 /* Preview Assets.xcassets */ = {isa = PBXFileReference; lastKnownFileType = folder.assetcatalog; path = "Preview Assets.xcassets"; sourceTree = "<group>"; };
		2CA599902838A14D0090B846 /* Info.plist */ = {isa = PBXFileReference; lastKnownFileType = text.plist.xml; path = Info.plist; sourceTree = "<group>"; };
/* End PBXFileReference section */

/* Begin PBXFrameworksBuildPhase section */
		2CA5997D2838A14C0090B846 /* Frameworks */ = {
			isa = PBXFrameworksBuildPhase;
			buildActionMask = 2147483647;
			files = (
			);
			runOnlyForDeploymentPostprocessing = 0;
		};
/* End PBXFrameworksBuildPhase section */

/* Begin PBXGroup section */
		2CA5996A2838A1490090B846 = {
			isa = PBXGroup;
			children = (
				2CA599792838A14A0090B846 /* tic-tac-toe WatchKit App */,
				2CA599842838A14C0090B846 /* tic-tac-toe WatchKit Extension */,
				2CA599722838A1490090B846 /* Products */,
			);
			sourceTree = "<group>";
		};
		2CA599722838A1490090B846 /* Products */ = {
			isa = PBXGroup;
			children = (
				2CA599712838A1490090B846 /* tic-tac-toe.app */,
				2CA599752838A14A0090B846 /* tic-tac-toe WatchKit App.app */,
				2CA599802838A14C0090B846 /* tic-tac-toe WatchKit Extension.appex */,
			);
			name = Products;
			sourceTree = "<group>";
		};
		2CA599792838A14A0090B846 /* tic-tac-toe WatchKit App */ = {
			isa = PBXGroup;
			children = (
				2CA5997A2838A14B0090B846 /* Assets.xcassets */,
			);
			path = "tic-tac-toe WatchKit App";
			sourceTree = "<group>";
		};
		2CA599842838A14C0090B846 /* tic-tac-toe WatchKit Extension */ = {
			isa = PBXGroup;
			children = (
				2CA599852838A14C0090B846 /* ContentView.swift */,
				2CA599872838A14C0090B846 /* tic_tac_toeApp.swift */,
				2CA599892838A14C0090B846 /* ComplicationController.swift */,
				2CA5998B2838A14D0090B846 /* Assets.xcassets */,
				2CA599902838A14D0090B846 /* Info.plist */,
				2CA5998D2838A14D0090B846 /* Preview Content */,
			);
			path = "tic-tac-toe WatchKit Extension";
			sourceTree = "<group>";
		};
		2CA5998D2838A14D0090B846 /* Preview Content */ = {
			isa = PBXGroup;
			children = (
				2CA5998E2838A14D0090B846 /* Preview Assets.xcassets */,
			);
			path = "Preview Content";
			sourceTree = "<group>";
		};
/* End PBXGroup section */

/* Begin PBXNativeTarget section */
		2CA599702838A1490090B846 /* tic-tac-toe */ = {
			isa = PBXNativeTarget;
			buildConfigurationList = 2CA5999B2838A14D0090B846 /* Build configuration list for PBXNativeTarget "tic-tac-toe" */;
			buildPhases = (
				2CA5996F2838A1490090B846 /* Resources */,
				2CA5999A2838A14D0090B846 /* Embed Watch Content */,
			);
			buildRules = (
			);
			dependencies = (
				2CA599782838A14A0090B846 /* PBXTargetDependency */,
			);
			name = "tic-tac-toe";
			productName = "tic-tac-toe";
			productReference = 2CA599712838A1490090B846 /* tic-tac-toe.app */;
			productType = "com.apple.product-type.application.watchapp2-container";
		};
		2CA599742838A14A0090B846 /* tic-tac-toe WatchKit App */ = {
			isa = PBXNativeTarget;
			buildConfigurationList = 2CA599972838A14D0090B846 /* Build configuration list for PBXNativeTarget "tic-tac-toe WatchKit App" */;
			buildPhases = (
				2CA599732838A14A0090B846 /* Resources */,
				2CA599962838A14D0090B846 /* Embed App Extensions */,
			);
			buildRules = (
			);
			dependencies = (
				2CA599832838A14C0090B846 /* PBXTargetDependency */,
			);
			name = "tic-tac-toe WatchKit App";
			productName = "tic-tac-toe WatchKit App";
			productReference = 2CA599752838A14A0090B846 /* tic-tac-toe WatchKit App.app */;
			productType = "com.apple.product-type.application.watchapp2";
		};
		2CA5997F2838A14C0090B846 /* tic-tac-toe WatchKit Extension */ = {
			isa = PBXNativeTarget;
			buildConfigurationList = 2CA599932838A14D0090B846 /* Build configuration list for PBXNativeTarget "tic-tac-toe WatchKit Extension" */;
			buildPhases = (
				2CA5997C2838A14C0090B846 /* Sources */,
				2CA5997D2838A14C0090B846 /* Frameworks */,
				2CA5997E2838A14C0090B846 /* Resources */,
			);
			buildRules = (
			);
			dependencies = (
			);
			name = "tic-tac-toe WatchKit Extension";
			productName = "tic-tac-toe WatchKit Extension";
			productReference = 2CA599802838A14C0090B846 /* tic-tac-toe WatchKit Extension.appex */;
			productType = "com.apple.product-type.watchkit2-extension";
		};
/* End PBXNativeTarget section */

/* Begin PBXProject section */
		2CA5996B2838A1490090B846 /* Project object */ = {
			isa = PBXProject;
			attributes = {
				BuildIndependentTargetsInParallel = 1;
				LastSwiftUpdateCheck = 1320;
				LastUpgradeCheck = 1320;
				TargetAttributes = {
					2CA599702838A1490090B846 = {
						CreatedOnToolsVersion = 13.2.1;
					};
					2CA599742838A14A0090B846 = {
						CreatedOnToolsVersion = 13.2.1;
					};
					2CA5997F2838A14C0090B846 = {
						CreatedOnToolsVersion = 13.2.1;
					};
				};
			};
			buildConfigurationList = 2CA5996E2838A1490090B846 /* Build configuration list for PBXProject "tic-tac-toe" */;
			compatibilityVersion = "Xcode 13.0";
			developmentRegion = en;
			hasScannedForEncodings = 0;
			knownRegions = (
				en,
				Base,
			);
			mainGroup = 2CA5996A2838A1490090B846;
			productRefGroup = 2CA599722838A1490090B846 /* Products */;
			projectDirPath = "";
			projectRoot = "";
			targets = (
				2CA599702838A1490090B846 /* tic-tac-toe */,
				2CA599742838A14A0090B846 /* tic-tac-toe WatchKit App */,
				2CA5997F2838A14C0090B846 /* tic-tac-toe WatchKit Extension */,
			);
		};
/* End PBXProject section */

/* Begin PBXResourcesBuildPhase section */
		2CA5996F2838A1490090B846 /* Resources */ = {
			isa = PBXResourcesBuildPhase;
			buildActionMask = 2147483647;
			files = (
			);
			runOnlyForDeploymentPostprocessing = 0;
		};
		2CA599732838A14A0090B846 /* Resources */ = {
			isa = PBXResourcesBuildPhase;
			buildActionMask = 2147483647;
			files = (
				2CA5997B2838A14B0090B846 /* Assets.xcassets in Resources */,
			);
			runOnlyForDeploymentPostprocessing = 0;
		};
		2CA5997E2838A14C0090B846 /* Resources */ = {
			isa = PBXResourcesBuildPhase;
			buildActionMask = 2147483647;
			files = (
				2CA5998F2838A14D0090B846 /* Preview Assets.xcassets in Resources */,
				2CA5998C2838A14D0090B846 /* Assets.xcassets in Resources */,
			);
			runOnlyForDeploymentPostprocessing = 0;
		};
/* End PBXResourcesBuildPhase section */

/* Begin PBXSourcesBuildPhase section */
		2CA5997C2838A14C0090B846 /* Sources */ = {
			isa = PBXSourcesBuildPhase;
			buildActionMask = 2147483647;
			files = (
				2CA599882838A14C0090B846 /* tic_tac_toeApp.swift in Sources */,
				2CA599862838A14C0090B846 /* ContentView.swift in Sources */,
				2CA5998A2838A14C0090B846 /* ComplicationController.swift in Sources */,
			);
			runOnlyForDeploymentPostprocessing = 0;
		};
/* End PBXSourcesBuildPhase section */

/* Begin PBXTargetDependency section */
		2CA599782838A14A0090B846 /* PBXTargetDependency */ = {
			isa = PBXTargetDependency;
			target = 2CA599742838A14A0090B846 /* tic-tac-toe WatchKit App */;
			targetProxy = 2CA599772838A14A0090B846 /* PBXContainerItemProxy */;
		};
		2CA599832838A14C0090B846 /* PBXTargetDependency */ = {
			isa = PBXTargetDependency;
			target = 2CA5997F2838A14C0090B846 /* tic-tac-toe WatchKit Extension */;
			targetProxy = 2CA599822838A14C0090B846 /* PBXContainerItemProxy */;
		};
/* End PBXTargetDependency section */

/* Begin XCBuildConfiguration section */
		2CA599912838A14D0090B846 /* Debug */ = {
			isa = XCBuildConfiguration;
			buildSettings = {
				ALWAYS_SEARCH_USER_PATHS = NO;
				CLANG_ANALYZER_NONNULL = YES;
				CLANG_ANALYZER_NUMBER_OBJECT_CONVERSION = YES_AGGRESSIVE;
				CLANG_CXX_LANGUAGE_STANDARD = "gnu++17";
				CLANG_CXX_LIBRARY = "libc++";
				CLANG_ENABLE_MODULES = YES;
				CLANG_ENABLE_OBJC_ARC = YES;
				CLANG_ENABLE_OBJC_WEAK = YES;
				CLANG_WARN_BLOCK_CAPTURE_AUTORELEASING = YES;
				CLANG_WARN_BOOL_CONVERSION = YES;
				CLANG_WARN_COMMA = YES;
				CLANG_WARN_CONSTANT_CONVERSION = YES;
				CLANG_WARN_DEPRECATED_OBJC_IMPLEMENTATIONS = YES;
				CLANG_WARN_DIRECT_OBJC_ISA_USAGE = YES_ERROR;
				CLANG_WARN_DOCUMENTATION_COMMENTS = YES;
				CLANG_WARN_EMPTY_BODY = YES;
				CLANG_WARN_ENUM_CONVERSION = YES;
				CLANG_WARN_INFINITE_RECURSION = YES;
				CLANG_WARN_INT_CONVERSION = YES;
				CLANG_WARN_NON_LITERAL_NULL_CONVERSION = YES;
				CLANG_WARN_OBJC_IMPLICIT_RETAIN_SELF = YES;
				CLANG_WARN_OBJC_LITERAL_CONVERSION = YES;
				CLANG_WARN_OBJC_ROOT_CLASS = YES_ERROR;
				CLANG_WARN_QUOTED_INCLUDE_IN_FRAMEWORK_HEADER = YES;
				CLANG_WARN_RANGE_LOOP_ANALYSIS = YES;
				CLANG_WARN_STRICT_PROTOTYPES = YES;
				CLANG_WARN_SUSPICIOUS_MOVE = YES;
				CLANG_WARN_UNGUARDED_AVAILABILITY = YES_AGGRESSIVE;
				CLANG_WARN_UNREACHABLE_CODE = YES;
				CLANG_WARN__DUPLICATE_METHOD_MATCH = YES;
				COPY_PHASE_STRIP = NO;
				DEBUG_INFORMATION_FORMAT = dwarf;
				ENABLE_STRICT_OBJC_MSGSEND = YES;
				ENABLE_TESTABILITY = YES;
				GCC_C_LANGUAGE_STANDARD = gnu11;
				GCC_DYNAMIC_NO_PIC = NO;
				GCC_NO_COMMON_BLOCKS = YES;
				GCC_OPTIMIZATION_LEVEL = 0;
				GCC_PREPROCESSOR_DEFINITIONS = (
					"DEBUG=1",
					"$(inherited)",
				);
				GCC_WARN_64_TO_32_BIT_CONVERSION = YES;
				GCC_WARN_ABOUT_RETURN_TYPE = YES_ERROR;
				GCC_WARN_UNDECLARED_SELECTOR = YES;
				GCC_WARN_UNINITIALIZED_AUTOS = YES_AGGRESSIVE;
				GCC_WARN_UNUSED_FUNCTION = YES;
				GCC_WARN_UNUSED_VARIABLE = YES;
				MTL_ENABLE_DEBUG_INFO = INCLUDE_SOURCE;
				MTL_FAST_MATH = YES;
				ONLY_ACTIVE_ARCH = YES;
				SDKROOT = iphoneos;
				SWIFT_ACTIVE_COMPILATION_CONDITIONS = DEBUG;
				SWIFT_OPTIMIZATION_LEVEL = "-Onone";
			};
			name = Debug;
		};
		2CA599922838A14D0090B846 /* Release */ = {
			isa = XCBuildConfiguration;
			buildSettings = {
				ALWAYS_SEARCH_USER_PATHS = NO;
				CLANG_ANALYZER_NONNULL = YES;
				CLANG_ANALYZER_NUMBER_OBJECT_CONVERSION = YES_AGGRESSIVE;
				CLANG_CXX_LANGUAGE_STANDARD = "gnu++17";
				CLANG_CXX_LIBRARY = "libc++";
				CLANG_ENABLE_MODULES = YES;
				CLANG_ENABLE_OBJC_ARC = YES;
				CLANG_ENABLE_OBJC_WEAK = YES;
				CLANG_WARN_BLOCK_CAPTURE_AUTORELEASING = YES;
				CLANG_WARN_BOOL_CONVERSION = YES;
				CLANG_WARN_COMMA = YES;
				CLANG_WARN_CONSTANT_CONVERSION = YES;
				CLANG_WARN_DEPRECATED_OBJC_IMPLEMENTATIONS = YES;
				CLANG_WARN_DIRECT_OBJC_ISA_USAGE = YES_ERROR;
				CLANG_WARN_DOCUMENTATION_COMMENTS = YES;
				CLANG_WARN_EMPTY_BODY = YES;
				CLANG_WARN_ENUM_CONVERSION = YES;
				CLANG_WARN_INFINITE_RECURSION = YES;
				CLANG_WARN_INT_CONVERSION = YES;
				CLANG_WARN_NON_LITERAL_NULL_CONVERSION = YES;
				CLANG_WARN_OBJC_IMPLICIT_RETAIN_SELF = YES;
				CLANG_WARN_OBJC_LITERAL_CONVERSION = YES;
				CLANG_WARN_OBJC_ROOT_CLASS = YES_ERROR;
				CLANG_WARN_QUOTED_INCLUDE_IN_FRAMEWORK_HEADER = YES;
				CLANG_WARN_RANGE_LOOP_ANALYSIS = YES;
				CLANG_WARN_STRICT_PROTOTYPES = YES;
				CLANG_WARN_SUSPICIOUS_MOVE = YES;
				CLANG_WARN_UNGUARDED_AVAILABILITY = YES_AGGRESSIVE;
				CLANG_WARN_UNREACHABLE_CODE = YES;
				CLANG_WARN__DUPLICATE_METHOD_MATCH = YES;
				COPY_PHASE_STRIP = NO;
				DEBUG_INFORMATION_FORMAT = "dwarf-with-dsym";
				ENABLE_NS_ASSERTIONS = NO;
				ENABLE_STRICT_OBJC_MSGSEND = YES;
				GCC_C_LANGUAGE_STANDARD = gnu11;
				GCC_NO_COMMON_BLOCKS = YES;
				GCC_WARN_64_TO_32_BIT_CONVERSION = YES;
				GCC_WARN_ABOUT_RETURN_TYPE = YES_ERROR;
				GCC_WARN_UNDECLARED_SELECTOR = YES;
				GCC_WARN_UNINITIALIZED_AUTOS = YES_AGGRESSIVE;
				GCC_WARN_UNUSED_FUNCTION = YES;
				GCC_WARN_UNUSED_VARIABLE = YES;
				MTL_ENABLE_DEBUG_INFO = NO;
				MTL_FAST_MATH = YES;
				SDKROOT = iphoneos;
				SWIFT_COMPILATION_MODE = wholemodule;
				SWIFT_OPTIMIZATION_LEVEL = "-O";
				VALIDATE_PRODUCT = YES;
			};
			name = Release;
		};
		2CA599942838A14D0090B846 /* Debug */ = {
			isa = XCBuildConfiguration;
			buildSettings = {
				ASSETCATALOG_COMPILER_COMPLICATION_NAME = Complication;
				CODE_SIGN_STYLE = Automatic;
				CURRENT_PROJECT_VERSION = 1;
				DEVELOPMENT_ASSET_PATHS = "\"tic-tac-toe WatchKit Extension/Preview Content\"";
				DEVELOPMENT_TEAM = 832593Z3B9;
				ENABLE_PREVIEWS = YES;
				GENERATE_INFOPLIST_FILE = YES;
				INFOPLIST_FILE = "tic-tac-toe WatchKit Extension/Info.plist";
				INFOPLIST_KEY_CFBundleDisplayName = "tic-tac-toe WatchKit Extension";
				INFOPLIST_KEY_CLKComplicationPrincipalClass = "$(PRODUCT_MODULE_NAME).ComplicationController";
				INFOPLIST_KEY_NSHumanReadableCopyright = "";
				INFOPLIST_KEY_WKWatchOnly = YES;
				LD_RUNPATH_SEARCH_PATHS = (
					"$(inherited)",
					"@executable_path/Frameworks",
					"@executable_path/../../Frameworks",
				);
				MARKETING_VERSION = 1.0;
				PRODUCT_BUNDLE_IDENTIFIER = "net.krolik.iwatch.tic-tac-toe.watchkitapp.watchkitextension";
				PRODUCT_NAME = "${TARGET_NAME}";
				SDKROOT = watchos;
				SKIP_INSTALL = YES;
				SWIFT_EMIT_LOC_STRINGS = YES;
				SWIFT_VERSION = 5.0;
				TARGETED_DEVICE_FAMILY = 4;
				WATCHOS_DEPLOYMENT_TARGET = 8.3;
			};
			name = Debug;
		};
		2CA599952838A14D0090B846 /* Release */ = {
			isa = XCBuildConfiguration;
			buildSettings = {
				ASSETCATALOG_COMPILER_COMPLICATION_NAME = Complication;
				CODE_SIGN_STYLE = Automatic;
				CURRENT_PROJECT_VERSION = 1;
				DEVELOPMENT_ASSET_PATHS = "\"tic-tac-toe WatchKit Extension/Preview Content\"";
				DEVELOPMENT_TEAM = 832593Z3B9;
				ENABLE_PREVIEWS = YES;
				GENERATE_INFOPLIST_FILE = YES;
				INFOPLIST_FILE = "tic-tac-toe WatchKit Extension/Info.plist";
				INFOPLIST_KEY_CFBundleDisplayName = "tic-tac-toe WatchKit Extension";
				INFOPLIST_KEY_CLKComplicationPrincipalClass = "$(PRODUCT_MODULE_NAME).ComplicationController";
				INFOPLIST_KEY_NSHumanReadableCopyright = "";
				INFOPLIST_KEY_WKWatchOnly = YES;
				LD_RUNPATH_SEARCH_PATHS = (
					"$(inherited)",
					"@executable_path/Frameworks",
					"@executable_path/../../Frameworks",
				);
				MARKETING_VERSION = 1.0;
				PRODUCT_BUNDLE_IDENTIFIER = "net.krolik.iwatch.tic-tac-toe.watchkitapp.watchkitextension";
				PRODUCT_NAME = "${TARGET_NAME}";
				SDKROOT = watchos;
				SKIP_INSTALL = YES;
				SWIFT_EMIT_LOC_STRINGS = YES;
				SWIFT_VERSION = 5.0;
				TARGETED_DEVICE_FAMILY = 4;
				WATCHOS_DEPLOYMENT_TARGET = 8.3;
			};
			name = Release;
		};
		2CA599982838A14D0090B846 /* Debug */ = {
			isa = XCBuildConfiguration;
			buildSettings = {
				ALWAYS_EMBED_SWIFT_STANDARD_LIBRARIES = YES;
				ASSETCATALOG_COMPILER_APPICON_NAME = AppIcon;
				ASSETCATALOG_COMPILER_GLOBAL_ACCENT_COLOR_NAME = AccentColor;
				CODE_SIGN_STYLE = Automatic;
				CURRENT_PROJECT_VERSION = 1;
				DEVELOPMENT_TEAM = 832593Z3B9;
				GENERATE_INFOPLIST_FILE = YES;
				IBSC_MODULE = tic_tac_toe_WatchKit_Extension;
				INFOPLIST_KEY_CFBundleDisplayName = "tic-tac-toe WatchKit App";
				INFOPLIST_KEY_UISupportedInterfaceOrientations = "UIInterfaceOrientationPortrait UIInterfaceOrientationPortraitUpsideDown";
				MARKETING_VERSION = 1.0;
				PRODUCT_BUNDLE_IDENTIFIER = "net.krolik.iwatch.tic-tac-toe.watchkitapp";
				PRODUCT_NAME = "$(TARGET_NAME)";
				SDKROOT = watchos;
				SKIP_INSTALL = YES;
				SWIFT_EMIT_LOC_STRINGS = YES;
				SWIFT_VERSION = 5.0;
				TARGETED_DEVICE_FAMILY = 4;
				WATCHOS_DEPLOYMENT_TARGET = 8.3;
			};
			name = Debug;
		};
		2CA599992838A14D0090B846 /* Release */ = {
			isa = XCBuildConfiguration;
			buildSettings = {
				ALWAYS_EMBED_SWIFT_STANDARD_LIBRARIES = YES;
				ASSETCATALOG_COMPILER_APPICON_NAME = AppIcon;
				ASSETCATALOG_COMPILER_GLOBAL_ACCENT_COLOR_NAME = AccentColor;
				CODE_SIGN_STYLE = Automatic;
				CURRENT_PROJECT_VERSION = 1;
				DEVELOPMENT_TEAM = 832593Z3B9;
				GENERATE_INFOPLIST_FILE = YES;
				IBSC_MODULE = tic_tac_toe_WatchKit_Extension;
				INFOPLIST_KEY_CFBundleDisplayName = "tic-tac-toe WatchKit App";
				INFOPLIST_KEY_UISupportedInterfaceOrientations = "UIInterfaceOrientationPortrait UIInterfaceOrientationPortraitUpsideDown";
				MARKETING_VERSION = 1.0;
				PRODUCT_BUNDLE_IDENTIFIER = "net.krolik.iwatch.tic-tac-toe.watchkitapp";
				PRODUCT_NAME = "$(TARGET_NAME)";
				SDKROOT = watchos;
				SKIP_INSTALL = YES;
				SWIFT_EMIT_LOC_STRINGS = YES;
				SWIFT_VERSION = 5.0;
				TARGETED_DEVICE_FAMILY = 4;
				WATCHOS_DEPLOYMENT_TARGET = 8.3;
			};
			name = Release;
		};
		2CA5999C2838A14D0090B846 /* Debug */ = {
			isa = XCBuildConfiguration;
			buildSettings = {
				CODE_SIGN_STYLE = Automatic;
				CURRENT_PROJECT_VERSION = 1;
				DEVELOPMENT_TEAM = 832593Z3B9;
				MARKETING_VERSION = 1.0;
				PRODUCT_BUNDLE_IDENTIFIER = "net.krolik.iwatch.tic-tac-toe";
				PRODUCT_NAME = "$(TARGET_NAME)";
				SWIFT_VERSION = 5.0;
			};
			name = Debug;
		};
		2CA5999D2838A14D0090B846 /* Release */ = {
			isa = XCBuildConfiguration;
			buildSettings = {
				CODE_SIGN_STYLE = Automatic;
				CURRENT_PROJECT_VERSION = 1;
				DEVELOPMENT_TEAM = 832593Z3B9;
				MARKETING_VERSION = 1.0;
				PRODUCT_BUNDLE_IDENTIFIER = "net.krolik.iwatch.tic-tac-toe";
				PRODUCT_NAME = "$(TARGET_NAME)";
				SWIFT_VERSION = 5.0;
			};
			name = Release;
		};
/* End XCBuildConfiguration section */

/* Begin XCConfigurationList section */
		2CA5996E2838A1490090B846 /* Build configuration list for PBXProject "tic-tac-toe" */ = {
			isa = XCConfigurationList;
			buildConfigurations = (
				2CA599912838A14D0090B846 /* Debug */,
				2CA599922838A14D0090B846 /* Release */,
			);
			defaultConfigurationIsVisible = 0;
			defaultConfigurationName = Release;
		};
		2CA599932838A14D0090B846 /* Build configuration list for PBXNativeTarget "tic-tac-toe WatchKit Extension" */ = {
			isa = XCConfigurationList;
			buildConfigurations = (
				2CA599942838A14D0090B846 /* Debug */,
				2CA599952838A14D0090B846 /* Release */,
			);
			defaultConfigurationIsVisible = 0;
			defaultConfigurationName = Release;
		};
		2CA599972838A14D0090B846 /* Build configuration list for PBXNativeTarget "tic-tac-toe WatchKit App" */ = {
			isa = XCConfigurationList;
			buildConfigurations = (
				2CA599982838A14D0090B846 /* Debug */,
				2CA599992838A14D0090B846 /* Release */,
			);
			defaultConfigurationIsVisible = 0;
			defaultConfigurationName = Release;
		};
		2CA5999B2838A14D0090B846 /* Build configuration list for PBXNativeTarget "tic-tac-toe" */ = {
			isa = XCConfigurationList;
			buildConfigurations = (
				2CA5999C2838A14D0090B846 /* Debug */,
				2CA5999D2838A14D0090B846 /* Release */,
			);
			defaultConfigurationIsVisible = 0;
			defaultConfigurationName = Release;
		};
/* End XCConfigurationList section */
	};
	rootObject = 2CA5996B2838A1490090B846 /* Project object */;
}
